{
  "name": "arx-level-generator",
  "version": "0.17.0",
  "lockfileVersion": 2,
  "requires": true,
  "packages": {
    "": {
      "name": "arx-level-generator",
      "version": "0.17.0",
      "license": "GPL-3.0-or-later",
      "dependencies": {
        "arx-convert": "^5.15.0",
        "color-rgba": "^2.4.0",
        "nanoid": "^4.0.0",
        "node-pkware": "^3.0.4",
        "seedrandom": "^3.0.5",
        "three": "^0.148.0",
        "tiny-glob": "^0.2.9"
      },
      "devDependencies": {
        "@types/color-rgba": "^2.1.0",
        "@types/node": "^18.11.18",
        "@types/seedrandom": "^3.0.4",
        "@types/three": "^0.147.1",
        "arx-header-size": "^2.0.0",
        "dotenv": "^16.0.3",
        "typescript": "^4.9.4"
      },
      "engines": {
        "node": ">=18.0.0",
        "npm": ">=8.0.0"
      }
    },
    "node_modules/@types/color-rgba": {
      "version": "2.1.0",
      "resolved": "https://registry.npmjs.org/@types/color-rgba/-/color-rgba-2.1.0.tgz",
      "integrity": "sha512-tWcJLEiKdZ3ihJdThfLCe6Kw5vo0lgGcuucGkbtzcp1zifDA1E2Z96wxeSS/r+ytpHD15NCAWabX8GV911ywCA==",
      "dev": true
    },
    "node_modules/@types/node": {
      "version": "18.11.18",
      "resolved": "https://registry.npmjs.org/@types/node/-/node-18.11.18.tgz",
      "integrity": "sha512-DHQpWGjyQKSHj3ebjFI/wRKcqQcdR+MoFBygntYOZytCqNfkd2ZC4ARDJ2DQqhjH5p85Nnd3jhUJIXrszFX/JA==",
      "dev": true
    },
    "node_modules/@types/seedrandom": {
      "version": "3.0.4",
      "resolved": "https://registry.npmjs.org/@types/seedrandom/-/seedrandom-3.0.4.tgz",
      "integrity": "sha512-/rWdxeiuZenlawrHU+XV6ZHMTKOqrC2hMfeDfLTIWJhDZP5aVqXRysduYHBbhD7CeJO6FJr/D2uBVXB7GT6v7w==",
      "dev": true
    },
    "node_modules/@types/three": {
      "version": "0.147.1",
      "resolved": "https://registry.npmjs.org/@types/three/-/three-0.147.1.tgz",
      "integrity": "sha512-1dGYrF9E7frAXu3CRUYtTFj97PlA/Q0OedDQBROn3fKjtKXNhXc6/VNgkGod3axJMeNPNFDa6ur9eOcQ+aD0zw==",
      "dev": true,
      "dependencies": {
        "@types/webxr": "*"
      }
    },
    "node_modules/@types/webxr": {
      "version": "0.5.0",
      "resolved": "https://registry.npmjs.org/@types/webxr/-/webxr-0.5.0.tgz",
      "integrity": "sha512-IUMDPSXnYIbEO2IereEFcgcqfDREOgmbGqtrMpVPpACTU6pltYLwHgVkrnYv0XhWEcjio9sYEfIEzgn3c7nDqA==",
      "dev": true
    },
    "node_modules/arx-convert": {
      "version": "5.15.0",
      "resolved": "https://registry.npmjs.org/arx-convert/-/arx-convert-5.15.0.tgz",
      "integrity": "sha512-zXbbD0Y0EcePb5axPC9tYQl/U/gNWVa7JYRu/eroLfqorAFQ5XVcgXxEaF9TJFfkToOeO+s17SdpULbVdcwkAg==",
      "dependencies": {
        "minimist-lite": "^2.2.1",
        "yaml": "^2.1.3"
      },
      "bin": {
        "arx-convert": "dist/bin/convert.js"
      },
      "engines": {
        "node": ">=18.0.0",
        "npm": ">=8.0.0"
      }
    },
    "node_modules/arx-header-size": {
      "version": "2.0.0",
      "resolved": "https://registry.npmjs.org/arx-header-size/-/arx-header-size-2.0.0.tgz",
      "integrity": "sha512-1cuNrTM9odlVaqGWiFPoIzKE2hRGwJvaBCXEkR8m35GjR2zq9ReC5mtT0yG3gH+PqRHETH3HKjsdbpTSF4138g==",
      "dev": true,
      "dependencies": {
        "minimist-lite": "^2.2.1"
      },
      "bin": {
        "arx-header-size": "bin/header-size.js"
      }
    },
    "node_modules/color-name": {
      "version": "1.1.4",
      "resolved": "https://registry.npmjs.org/color-name/-/color-name-1.1.4.tgz",
      "integrity": "sha512-dOy+3AuW3a2wNbZHIuMZpTcgjGuLU/uBL/ubcZF9OXbDo8ff4O8yVp5Bf0efS8uEoYo5q4Fx7dY9OgQGXgAsQA=="
    },
    "node_modules/color-parse": {
      "version": "1.4.2",
      "resolved": "https://registry.npmjs.org/color-parse/-/color-parse-1.4.2.tgz",
      "integrity": "sha512-RI7s49/8yqDj3fECFZjUI1Yi0z/Gq1py43oNJivAIIDSyJiOZLfYCRQEgn8HEVAj++PcRe8AnL2XF0fRJ3BTnA==",
      "dependencies": {
        "color-name": "^1.0.0"
      }
    },
    "node_modules/color-rgba": {
      "version": "2.4.0",
      "resolved": "https://registry.npmjs.org/color-rgba/-/color-rgba-2.4.0.tgz",
      "integrity": "sha512-Nti4qbzr/z2LbUWySr7H9dk3Rl7gZt7ihHAxlgT4Ho90EXWkjtkL1avTleu9yeGuqrt/chxTB6GKK8nZZ6V0+Q==",
      "dependencies": {
        "color-parse": "^1.4.2",
        "color-space": "^2.0.0"
      }
    },
    "node_modules/color-space": {
      "version": "2.0.0",
      "resolved": "https://registry.npmjs.org/color-space/-/color-space-2.0.0.tgz",
      "integrity": "sha512-Bu8P/usGNuVWushjxcuaGSkhT+L2KX0cvgMGMTF0KJ7lFeqonhsntT68d6Yu3uwZzCmbF7KTB9EV67AGcUXhJw=="
    },
    "node_modules/dotenv": {
      "version": "16.0.3",
      "resolved": "https://registry.npmjs.org/dotenv/-/dotenv-16.0.3.tgz",
      "integrity": "sha512-7GO6HghkA5fYG9TYnNxi14/7K9f5occMlp3zXAuSxn7CKCxt9xbNWG7yF8hTCSUchlfWSe3uLmlPfigevRItzQ==",
      "dev": true,
      "engines": {
        "node": ">=12"
      }
    },
    "node_modules/globalyzer": {
      "version": "0.1.0",
      "resolved": "https://registry.npmjs.org/globalyzer/-/globalyzer-0.1.0.tgz",
      "integrity": "sha512-40oNTM9UfG6aBmuKxk/giHn5nQ8RVz/SS4Ir6zgzOv9/qC3kKZ9v4etGTcJbEl/NyVQH7FGU7d+X1egr57Md2Q=="
    },
    "node_modules/globrex": {
      "version": "0.1.2",
      "resolved": "https://registry.npmjs.org/globrex/-/globrex-0.1.2.tgz",
      "integrity": "sha512-uHJgbwAMwNFf5mLst7IWLNg14x1CkeqglJb/K3doi4dw6q2IvAAmM/Y81kevy83wP+Sst+nutFTYOGg3d1lsxg=="
    },
    "node_modules/minimist-lite": {
      "version": "2.2.1",
      "resolved": "https://registry.npmjs.org/minimist-lite/-/minimist-lite-2.2.1.tgz",
      "integrity": "sha512-RSrWIRWGYoM2TDe102s7aIyeSipXMIXKb1fSHYx1tAbxAV0z4g2xR6ra3oPzkTqFb0EIUz1H3A/qvYYeDd+/qQ=="
    },
    "node_modules/nanoid": {
      "version": "4.0.0",
      "resolved": "https://registry.npmjs.org/nanoid/-/nanoid-4.0.0.tgz",
      "integrity": "sha512-IgBP8piMxe/gf73RTQx7hmnhwz0aaEXYakvqZyE302IXW3HyVNhdNGC+O2MwMAVhLEnvXlvKtGbtJf6wvHihCg==",
      "bin": {
        "nanoid": "bin/nanoid.js"
      },
      "engines": {
        "node": "^14 || ^16 || >=18"
      }
    },
    "node_modules/node-pkware": {
      "version": "3.0.4",
      "resolved": "https://registry.npmjs.org/node-pkware/-/node-pkware-3.0.4.tgz",
      "integrity": "sha512-LWO5C+wIfPbSUKvMx8LUOr0zS9/IZdEhczUixbwODewJ2iUfWXDey1uh5wiFaOJ3+gYA/raa74w7evn2MwALOA==",
      "dependencies": {
        "minimist-lite": "^2.2.1"
      },
      "bin": {
        "explode": "dist/bin/explode.js",
        "implode": "dist/bin/implode.js"
      },
      "engines": {
        "node": ">=18.0.0",
        "npm": ">=8.0.0"
      }
    },
    "node_modules/seedrandom": {
      "version": "3.0.5",
      "resolved": "https://registry.npmjs.org/seedrandom/-/seedrandom-3.0.5.tgz",
      "integrity": "sha512-8OwmbklUNzwezjGInmZ+2clQmExQPvomqjL7LFqOYqtmuxRgQYqOD3mHaU+MvZn5FLUeVxVfQjwLZW/n/JFuqg=="
    },
    "node_modules/three": {
      "version": "0.148.0",
      "resolved": "https://registry.npmjs.org/three/-/three-0.148.0.tgz",
      "integrity": "sha512-8uzVV+qhTPi0bOFs/3te3RW6hb3urL8jYEl6irjCWo/l6sr8MPNMcClFev/MMYeIxr0gmDcoXTy/8LXh/LXkfw=="
    },
    "node_modules/tiny-glob": {
      "version": "0.2.9",
      "resolved": "https://registry.npmjs.org/tiny-glob/-/tiny-glob-0.2.9.tgz",
      "integrity": "sha512-g/55ssRPUjShh+xkfx9UPDXqhckHEsHr4Vd9zX55oSdGZc/MD0m3sferOkwWtp98bv+kcVfEHtRJgBVJzelrzg==",
      "dependencies": {
        "globalyzer": "0.1.0",
        "globrex": "^0.1.2"
      }
    },
    "node_modules/typescript": {
      "version": "4.9.4",
      "resolved": "https://registry.npmjs.org/typescript/-/typescript-4.9.4.tgz",
      "integrity": "sha512-Uz+dTXYzxXXbsFpM86Wh3dKCxrQqUcVMxwU54orwlJjOpO3ao8L7j5lH+dWfTwgCwIuM9GQ2kvVotzYJMXTBZg==",
      "dev": true,
      "bin": {
        "tsc": "bin/tsc",
        "tsserver": "bin/tsserver"
      },
      "engines": {
        "node": ">=4.2.0"
      }
    },
    "node_modules/yaml": {
      "version": "2.1.3",
      "resolved": "https://registry.npmjs.org/yaml/-/yaml-2.1.3.tgz",
      "integrity": "sha512-AacA8nRULjKMX2DvWvOAdBZMOfQlypSFkjcOcu9FalllIDJ1kvlREzcdIZmidQUqqeMv7jorHjq2HlLv/+c2lg==",
      "engines": {
        "node": ">= 14"
      }
    }
  },
  "dependencies": {
    "@types/color-rgba": {
      "version": "2.1.0",
      "resolved": "https://registry.npmjs.org/@types/color-rgba/-/color-rgba-2.1.0.tgz",
      "integrity": "sha512-tWcJLEiKdZ3ihJdThfLCe6Kw5vo0lgGcuucGkbtzcp1zifDA1E2Z96wxeSS/r+ytpHD15NCAWabX8GV911ywCA==",
      "dev": true
    },
    "@types/node": {
      "version": "18.11.18",
      "resolved": "https://registry.npmjs.org/@types/node/-/node-18.11.18.tgz",
      "integrity": "sha512-DHQpWGjyQKSHj3ebjFI/wRKcqQcdR+MoFBygntYOZytCqNfkd2ZC4ARDJ2DQqhjH5p85Nnd3jhUJIXrszFX/JA==",
      "dev": true
    },
    "@types/seedrandom": {
      "version": "3.0.4",
      "resolved": "https://registry.npmjs.org/@types/seedrandom/-/seedrandom-3.0.4.tgz",
      "integrity": "sha512-/rWdxeiuZenlawrHU+XV6ZHMTKOqrC2hMfeDfLTIWJhDZP5aVqXRysduYHBbhD7CeJO6FJr/D2uBVXB7GT6v7w==",
      "dev": true
    },
    "@types/three": {
      "version": "0.147.1",
      "resolved": "https://registry.npmjs.org/@types/three/-/three-0.147.1.tgz",
      "integrity": "sha512-1dGYrF9E7frAXu3CRUYtTFj97PlA/Q0OedDQBROn3fKjtKXNhXc6/VNgkGod3axJMeNPNFDa6ur9eOcQ+aD0zw==",
      "dev": true,
      "requires": {
        "@types/webxr": "*"
      }
    },
    "@types/webxr": {
      "version": "0.5.0",
      "resolved": "https://registry.npmjs.org/@types/webxr/-/webxr-0.5.0.tgz",
      "integrity": "sha512-IUMDPSXnYIbEO2IereEFcgcqfDREOgmbGqtrMpVPpACTU6pltYLwHgVkrnYv0XhWEcjio9sYEfIEzgn3c7nDqA==",
      "dev": true
    },
    "arx-convert": {
      "version": "5.15.0",
      "resolved": "https://registry.npmjs.org/arx-convert/-/arx-convert-5.15.0.tgz",
      "integrity": "sha512-zXbbD0Y0EcePb5axPC9tYQl/U/gNWVa7JYRu/eroLfqorAFQ5XVcgXxEaF9TJFfkToOeO+s17SdpULbVdcwkAg==",
      "requires": {
        "minimist-lite": "^2.2.1",
        "yaml": "^2.1.3"
      }
    },
    "arx-header-size": {
      "version": "2.0.0",
      "resolved": "https://registry.npmjs.org/arx-header-size/-/arx-header-size-2.0.0.tgz",
      "integrity": "sha512-1cuNrTM9odlVaqGWiFPoIzKE2hRGwJvaBCXEkR8m35GjR2zq9ReC5mtT0yG3gH+PqRHETH3HKjsdbpTSF4138g==",
      "dev": true,
      "requires": {
        "minimist-lite": "^2.2.1"
      }
    },
    "color-name": {
      "version": "1.1.4",
      "resolved": "https://registry.npmjs.org/color-name/-/color-name-1.1.4.tgz",
      "integrity": "sha512-dOy+3AuW3a2wNbZHIuMZpTcgjGuLU/uBL/ubcZF9OXbDo8ff4O8yVp5Bf0efS8uEoYo5q4Fx7dY9OgQGXgAsQA=="
    },
    "color-parse": {
      "version": "1.4.2",
      "resolved": "https://registry.npmjs.org/color-parse/-/color-parse-1.4.2.tgz",
      "integrity": "sha512-RI7s49/8yqDj3fECFZjUI1Yi0z/Gq1py43oNJivAIIDSyJiOZLfYCRQEgn8HEVAj++PcRe8AnL2XF0fRJ3BTnA==",
      "requires": {
        "color-name": "^1.0.0"
      }
    },
    "color-rgba": {
      "version": "2.4.0",
      "resolved": "https://registry.npmjs.org/color-rgba/-/color-rgba-2.4.0.tgz",
      "integrity": "sha512-Nti4qbzr/z2LbUWySr7H9dk3Rl7gZt7ihHAxlgT4Ho90EXWkjtkL1avTleu9yeGuqrt/chxTB6GKK8nZZ6V0+Q==",
      "requires": {
        "color-parse": "^1.4.2",
        "color-space": "^2.0.0"
      }
    },
    "color-space": {
      "version": "2.0.0",
      "resolved": "https://registry.npmjs.org/color-space/-/color-space-2.0.0.tgz",
      "integrity": "sha512-Bu8P/usGNuVWushjxcuaGSkhT+L2KX0cvgMGMTF0KJ7lFeqonhsntT68d6Yu3uwZzCmbF7KTB9EV67AGcUXhJw=="
    },
    "dotenv": {
      "version": "16.0.3",
      "resolved": "https://registry.npmjs.org/dotenv/-/dotenv-16.0.3.tgz",
      "integrity": "sha512-7GO6HghkA5fYG9TYnNxi14/7K9f5occMlp3zXAuSxn7CKCxt9xbNWG7yF8hTCSUchlfWSe3uLmlPfigevRItzQ==",
      "dev": true
    },
    "globalyzer": {
      "version": "0.1.0",
      "resolved": "https://registry.npmjs.org/globalyzer/-/globalyzer-0.1.0.tgz",
      "integrity": "sha512-40oNTM9UfG6aBmuKxk/giHn5nQ8RVz/SS4Ir6zgzOv9/qC3kKZ9v4etGTcJbEl/NyVQH7FGU7d+X1egr57Md2Q=="
    },
    "globrex": {
      "version": "0.1.2",
      "resolved": "https://registry.npmjs.org/globrex/-/globrex-0.1.2.tgz",
      "integrity": "sha512-uHJgbwAMwNFf5mLst7IWLNg14x1CkeqglJb/K3doi4dw6q2IvAAmM/Y81kevy83wP+Sst+nutFTYOGg3d1lsxg=="
    },
    "minimist-lite": {
      "version": "2.2.1",
      "resolved": "https://registry.npmjs.org/minimist-lite/-/minimist-lite-2.2.1.tgz",
      "integrity": "sha512-RSrWIRWGYoM2TDe102s7aIyeSipXMIXKb1fSHYx1tAbxAV0z4g2xR6ra3oPzkTqFb0EIUz1H3A/qvYYeDd+/qQ=="
    },
    "nanoid": {
      "version": "4.0.0",
      "resolved": "https://registry.npmjs.org/nanoid/-/nanoid-4.0.0.tgz",
      "integrity": "sha512-IgBP8piMxe/gf73RTQx7hmnhwz0aaEXYakvqZyE302IXW3HyVNhdNGC+O2MwMAVhLEnvXlvKtGbtJf6wvHihCg=="
    },
    "node-pkware": {
      "version": "3.0.4",
      "resolved": "https://registry.npmjs.org/node-pkware/-/node-pkware-3.0.4.tgz",
      "integrity": "sha512-LWO5C+wIfPbSUKvMx8LUOr0zS9/IZdEhczUixbwODewJ2iUfWXDey1uh5wiFaOJ3+gYA/raa74w7evn2MwALOA==",
      "requires": {
        "minimist-lite": "^2.2.1"
      }
    },
    "seedrandom": {
      "version": "3.0.5",
      "resolved": "https://registry.npmjs.org/seedrandom/-/seedrandom-3.0.5.tgz",
      "integrity": "sha512-8OwmbklUNzwezjGInmZ+2clQmExQPvomqjL7LFqOYqtmuxRgQYqOD3mHaU+MvZn5FLUeVxVfQjwLZW/n/JFuqg=="
    },
    "three": {
      "version": "0.148.0",
      "resolved": "https://registry.npmjs.org/three/-/three-0.148.0.tgz",
      "integrity": "sha512-8uzVV+qhTPi0bOFs/3te3RW6hb3urL8jYEl6irjCWo/l6sr8MPNMcClFev/MMYeIxr0gmDcoXTy/8LXh/LXkfw=="
    },
    "tiny-glob": {
      "version": "0.2.9",
      "resolved": "https://registry.npmjs.org/tiny-glob/-/tiny-glob-0.2.9.tgz",
      "integrity": "sha512-g/55ssRPUjShh+xkfx9UPDXqhckHEsHr4Vd9zX55oSdGZc/MD0m3sferOkwWtp98bv+kcVfEHtRJgBVJzelrzg==",
      "requires": {
        "globalyzer": "0.1.0",
        "globrex": "^0.1.2"
      }
    },
    "typescript": {
      "version": "4.9.4",
      "resolved": "https://registry.npmjs.org/typescript/-/typescript-4.9.4.tgz",
      "integrity": "sha512-Uz+dTXYzxXXbsFpM86Wh3dKCxrQqUcVMxwU54orwlJjOpO3ao8L7j5lH+dWfTwgCwIuM9GQ2kvVotzYJMXTBZg==",
      "dev": true
    },
    "yaml": {
      "version": "2.1.3",
      "resolved": "https://registry.npmjs.org/yaml/-/yaml-2.1.3.tgz",
      "integrity": "sha512-AacA8nRULjKMX2DvWvOAdBZMOfQlypSFkjcOcu9FalllIDJ1kvlREzcdIZmidQUqqeMv7jorHjq2HlLv/+c2lg=="
    }
  }
}
