{
  "name": "arx-level-generator",
  "version": "0.17.0",
  "lockfileVersion": 2,
  "requires": true,
  "packages": {
    "": {
      "name": "arx-level-generator",
      "version": "0.17.0",
      "license": "GPL-3.0-or-later",
      "dependencies": {
        "arx-convert": "^5.15.0",
        "color-rgba": "^2.4.0",
        "nanoid": "^4.0.0",
        "node-pkware": "^3.0.4",
        "seedrandom": "^3.0.5",
        "three": "^0.148.0",
        "tiny-glob": "^0.2.9"
      },
      "devDependencies": {
        "@types/color-rgba": "^2.1.0",
        "@types/node": "^18.11.18",
        "@types/seedrandom": "^3.0.4",
        "@types/three": "^0.147.1",
        "arx-header-size": "^2.0.0",
        "dotenv": "^16.0.3",
        "esbuild": "^0.16.12",
        "tsconfig-paths": "^4.1.1",
        "typescript": "^4.9.4"
      },
      "engines": {
        "node": ">=18.0.0",
        "npm": ">=8.0.0"
      }
    },
    "node_modules/@esbuild/android-arm": {
      "version": "0.16.12",
      "resolved": "https://registry.npmjs.org/@esbuild/android-arm/-/android-arm-0.16.12.tgz",
      "integrity": "sha512-CTWgMJtpCyCltrvipZrrcjjRu+rzm6pf9V8muCsJqtKujR3kPmU4ffbckvugNNaRmhxAF1ZI3J+0FUIFLFg8KA==",
      "cpu": [
        "arm"
      ],
      "dev": true,
      "optional": true,
      "os": [
        "android"
      ],
      "engines": {
        "node": ">=12"
      }
    },
    "node_modules/@esbuild/android-arm64": {
      "version": "0.16.12",
      "resolved": "https://registry.npmjs.org/@esbuild/android-arm64/-/android-arm64-0.16.12.tgz",
      "integrity": "sha512-0LacmiIW+X0/LOLMZqYtZ7d4uY9fxYABAYhSSOu+OGQVBqH4N5eIYgkT7bBFnR4Nm3qo6qS3RpHKVrDASqj/uQ==",
      "cpu": [
        "arm64"
      ],
      "dev": true,
      "optional": true,
      "os": [
        "android"
      ],
      "engines": {
        "node": ">=12"
      }
    },
    "node_modules/@esbuild/android-x64": {
      "version": "0.16.12",
      "resolved": "https://registry.npmjs.org/@esbuild/android-x64/-/android-x64-0.16.12.tgz",
      "integrity": "sha512-sS5CR3XBKQXYpSGMM28VuiUnbX83Z+aWPZzClW+OB2JquKqxoiwdqucJ5qvXS8pM6Up3RtJfDnRQZkz3en2z5g==",
      "cpu": [
        "x64"
      ],
      "dev": true,
      "optional": true,
      "os": [
        "android"
      ],
      "engines": {
        "node": ">=12"
      }
    },
    "node_modules/@esbuild/darwin-arm64": {
      "version": "0.16.12",
      "resolved": "https://registry.npmjs.org/@esbuild/darwin-arm64/-/darwin-arm64-0.16.12.tgz",
      "integrity": "sha512-Dpe5hOAQiQRH20YkFAg+wOpcd4PEuXud+aGgKBQa/VriPJA8zuVlgCOSTwna1CgYl05lf6o5els4dtuyk1qJxQ==",
      "cpu": [
        "arm64"
      ],
      "dev": true,
      "optional": true,
      "os": [
        "darwin"
      ],
      "engines": {
        "node": ">=12"
      }
    },
    "node_modules/@esbuild/darwin-x64": {
      "version": "0.16.12",
      "resolved": "https://registry.npmjs.org/@esbuild/darwin-x64/-/darwin-x64-0.16.12.tgz",
      "integrity": "sha512-ApGRA6X5txIcxV0095X4e4KKv87HAEXfuDRcGTniDWUUN+qPia8sl/BqG/0IomytQWajnUn4C7TOwHduk/FXBQ==",
      "cpu": [
        "x64"
      ],
      "dev": true,
      "optional": true,
      "os": [
        "darwin"
      ],
      "engines": {
        "node": ">=12"
      }
    },
    "node_modules/@esbuild/freebsd-arm64": {
      "version": "0.16.12",
      "resolved": "https://registry.npmjs.org/@esbuild/freebsd-arm64/-/freebsd-arm64-0.16.12.tgz",
      "integrity": "sha512-AMdK2gA9EU83ccXCWS1B/KcWYZCj4P3vDofZZkl/F/sBv/fphi2oUqUTox/g5GMcIxk8CF1CVYTC82+iBSyiUg==",
      "cpu": [
        "arm64"
      ],
      "dev": true,
      "optional": true,
      "os": [
        "freebsd"
      ],
      "engines": {
        "node": ">=12"
      }
    },
    "node_modules/@esbuild/freebsd-x64": {
      "version": "0.16.12",
      "resolved": "https://registry.npmjs.org/@esbuild/freebsd-x64/-/freebsd-x64-0.16.12.tgz",
      "integrity": "sha512-KUKB9w8G/xaAbD39t6gnRBuhQ8vIYYlxGT2I+mT6UGRnCGRr1+ePFIGBQmf5V16nxylgUuuWVW1zU2ktKkf6WQ==",
      "cpu": [
        "x64"
      ],
      "dev": true,
      "optional": true,
      "os": [
        "freebsd"
      ],
      "engines": {
        "node": ">=12"
      }
    },
    "node_modules/@esbuild/linux-arm": {
      "version": "0.16.12",
      "resolved": "https://registry.npmjs.org/@esbuild/linux-arm/-/linux-arm-0.16.12.tgz",
      "integrity": "sha512-vhDdIv6z4eL0FJyNVfdr3C/vdd/Wc6h1683GJsFoJzfKb92dU/v88FhWdigg0i6+3TsbSDeWbsPUXb4dif2abg==",
      "cpu": [
        "arm"
      ],
      "dev": true,
      "optional": true,
      "os": [
        "linux"
      ],
      "engines": {
        "node": ">=12"
      }
    },
    "node_modules/@esbuild/linux-arm64": {
      "version": "0.16.12",
      "resolved": "https://registry.npmjs.org/@esbuild/linux-arm64/-/linux-arm64-0.16.12.tgz",
      "integrity": "sha512-29HXMLpLklDfmw7T2buGqq3HImSUaZ1ArmrPOMaNiZZQptOSZs32SQtOHEl8xWX5vfdwZqrBfNf8Te4nArVzKQ==",
      "cpu": [
        "arm64"
      ],
      "dev": true,
      "optional": true,
      "os": [
        "linux"
      ],
      "engines": {
        "node": ">=12"
      }
    },
    "node_modules/@esbuild/linux-ia32": {
      "version": "0.16.12",
      "resolved": "https://registry.npmjs.org/@esbuild/linux-ia32/-/linux-ia32-0.16.12.tgz",
      "integrity": "sha512-JFDuNDTTfgD1LJg7wHA42o2uAO/9VzHYK0leAVnCQE/FdMB599YMH73ux+nS0xGr79pv/BK+hrmdRin3iLgQjg==",
      "cpu": [
        "ia32"
      ],
      "dev": true,
      "optional": true,
      "os": [
        "linux"
      ],
      "engines": {
        "node": ">=12"
      }
    },
    "node_modules/@esbuild/linux-loong64": {
      "version": "0.16.12",
      "resolved": "https://registry.npmjs.org/@esbuild/linux-loong64/-/linux-loong64-0.16.12.tgz",
      "integrity": "sha512-xTGzVPqm6WKfCC0iuj1fryIWr1NWEM8DMhAIo+4rFgUtwy/lfHl+Obvus4oddzRDbBetLLmojfVZGmt/g/g+Rw==",
      "cpu": [
        "loong64"
      ],
      "dev": true,
      "optional": true,
      "os": [
        "linux"
      ],
      "engines": {
        "node": ">=12"
      }
    },
    "node_modules/@esbuild/linux-mips64el": {
      "version": "0.16.12",
      "resolved": "https://registry.npmjs.org/@esbuild/linux-mips64el/-/linux-mips64el-0.16.12.tgz",
      "integrity": "sha512-zI1cNgHa3Gol+vPYjIYHzKhU6qMyOQrvZ82REr5Fv7rlh5PG6SkkuCoH7IryPqR+BK2c/7oISGsvPJPGnO2bHQ==",
      "cpu": [
        "mips64el"
      ],
      "dev": true,
      "optional": true,
      "os": [
        "linux"
      ],
      "engines": {
        "node": ">=12"
      }
    },
    "node_modules/@esbuild/linux-ppc64": {
      "version": "0.16.12",
      "resolved": "https://registry.npmjs.org/@esbuild/linux-ppc64/-/linux-ppc64-0.16.12.tgz",
      "integrity": "sha512-/C8OFXExoMmvTDIOAM54AhtmmuDHKoedUd0Otpfw3+AuuVGemA1nQK99oN909uZbLEU6Bi+7JheFMG3xGfZluQ==",
      "cpu": [
        "ppc64"
      ],
      "dev": true,
      "optional": true,
      "os": [
        "linux"
      ],
      "engines": {
        "node": ">=12"
      }
    },
    "node_modules/@esbuild/linux-riscv64": {
      "version": "0.16.12",
      "resolved": "https://registry.npmjs.org/@esbuild/linux-riscv64/-/linux-riscv64-0.16.12.tgz",
      "integrity": "sha512-qeouyyc8kAGV6Ni6Isz8hUsKMr00EHgVwUKWNp1r4l88fHEoNTDB8mmestvykW6MrstoGI7g2EAsgr0nxmuGYg==",
      "cpu": [
        "riscv64"
      ],
      "dev": true,
      "optional": true,
      "os": [
        "linux"
      ],
      "engines": {
        "node": ">=12"
      }
    },
    "node_modules/@esbuild/linux-s390x": {
      "version": "0.16.12",
      "resolved": "https://registry.npmjs.org/@esbuild/linux-s390x/-/linux-s390x-0.16.12.tgz",
      "integrity": "sha512-s9AyI/5vz1U4NNqnacEGFElqwnHusWa81pskAf8JNDM2eb6b2E6PpBmT8RzeZv6/TxE6/TADn2g9bb0jOUmXwQ==",
      "cpu": [
        "s390x"
      ],
      "dev": true,
      "optional": true,
      "os": [
        "linux"
      ],
      "engines": {
        "node": ">=12"
      }
    },
    "node_modules/@esbuild/linux-x64": {
      "version": "0.16.12",
      "resolved": "https://registry.npmjs.org/@esbuild/linux-x64/-/linux-x64-0.16.12.tgz",
      "integrity": "sha512-e8YA7GQGLWhvakBecLptUiKxOk4E/EPtSckS1i0MGYctW8ouvNUoh7xnU15PGO2jz7BYl8q1R6g0gE5HFtzpqQ==",
      "cpu": [
        "x64"
      ],
      "dev": true,
      "optional": true,
      "os": [
        "linux"
      ],
      "engines": {
        "node": ">=12"
      }
    },
    "node_modules/@esbuild/netbsd-x64": {
      "version": "0.16.12",
      "resolved": "https://registry.npmjs.org/@esbuild/netbsd-x64/-/netbsd-x64-0.16.12.tgz",
      "integrity": "sha512-z2+kUxmOqBS+6SRVd57iOLIHE8oGOoEnGVAmwjm2aENSP35HPS+5cK+FL1l+rhrsJOFIPrNHqDUNechpuG96Sg==",
      "cpu": [
        "x64"
      ],
      "dev": true,
      "optional": true,
      "os": [
        "netbsd"
      ],
      "engines": {
        "node": ">=12"
      }
    },
    "node_modules/@esbuild/openbsd-x64": {
      "version": "0.16.12",
      "resolved": "https://registry.npmjs.org/@esbuild/openbsd-x64/-/openbsd-x64-0.16.12.tgz",
      "integrity": "sha512-PAonw4LqIybwn2/vJujhbg1N9W2W8lw9RtXIvvZoyzoA/4rA4CpiuahVbASmQohiytRsixbNoIOUSjRygKXpyA==",
      "cpu": [
        "x64"
      ],
      "dev": true,
      "optional": true,
      "os": [
        "openbsd"
      ],
      "engines": {
        "node": ">=12"
      }
    },
    "node_modules/@esbuild/sunos-x64": {
      "version": "0.16.12",
      "resolved": "https://registry.npmjs.org/@esbuild/sunos-x64/-/sunos-x64-0.16.12.tgz",
      "integrity": "sha512-+wr1tkt1RERi+Zi/iQtkzmMH4nS8+7UIRxjcyRz7lur84wCkAITT50Olq/HiT4JN2X2bjtlOV6vt7ptW5Gw60Q==",
      "cpu": [
        "x64"
      ],
      "dev": true,
      "optional": true,
      "os": [
        "sunos"
      ],
      "engines": {
        "node": ">=12"
      }
    },
    "node_modules/@esbuild/win32-arm64": {
      "version": "0.16.12",
      "resolved": "https://registry.npmjs.org/@esbuild/win32-arm64/-/win32-arm64-0.16.12.tgz",
      "integrity": "sha512-XEjeUSHmjsAOJk8+pXJu9pFY2O5KKQbHXZWQylJzQuIBeiGrpMeq9sTVrHefHxMOyxUgoKQTcaTS+VK/K5SviA==",
      "cpu": [
        "arm64"
      ],
      "dev": true,
      "optional": true,
      "os": [
        "win32"
      ],
      "engines": {
        "node": ">=12"
      }
    },
    "node_modules/@esbuild/win32-ia32": {
      "version": "0.16.12",
      "resolved": "https://registry.npmjs.org/@esbuild/win32-ia32/-/win32-ia32-0.16.12.tgz",
      "integrity": "sha512-eRKPM7e0IecUAUYr2alW7JGDejrFJXmpjt4MlfonmQ5Rz9HWpKFGCjuuIRgKO7W9C/CWVFXdJ2GjddsBXqQI4A==",
      "cpu": [
        "ia32"
      ],
      "dev": true,
      "optional": true,
      "os": [
        "win32"
      ],
      "engines": {
        "node": ">=12"
      }
    },
    "node_modules/@esbuild/win32-x64": {
      "version": "0.16.12",
      "resolved": "https://registry.npmjs.org/@esbuild/win32-x64/-/win32-x64-0.16.12.tgz",
      "integrity": "sha512-iPYKN78t3op2+erv2frW568j1q0RpqX6JOLZ7oPPaAV1VaF7dDstOrNw37PVOYoTWE11pV4A1XUitpdEFNIsPg==",
      "cpu": [
        "x64"
      ],
      "dev": true,
      "optional": true,
      "os": [
        "win32"
      ],
      "engines": {
        "node": ">=12"
      }
    },
    "node_modules/@types/color-rgba": {
      "version": "2.1.0",
      "resolved": "https://registry.npmjs.org/@types/color-rgba/-/color-rgba-2.1.0.tgz",
      "integrity": "sha512-tWcJLEiKdZ3ihJdThfLCe6Kw5vo0lgGcuucGkbtzcp1zifDA1E2Z96wxeSS/r+ytpHD15NCAWabX8GV911ywCA==",
      "dev": true
    },
    "node_modules/@types/node": {
      "version": "18.11.18",
      "resolved": "https://registry.npmjs.org/@types/node/-/node-18.11.18.tgz",
      "integrity": "sha512-DHQpWGjyQKSHj3ebjFI/wRKcqQcdR+MoFBygntYOZytCqNfkd2ZC4ARDJ2DQqhjH5p85Nnd3jhUJIXrszFX/JA==",
      "dev": true
    },
    "node_modules/@types/seedrandom": {
      "version": "3.0.4",
      "resolved": "https://registry.npmjs.org/@types/seedrandom/-/seedrandom-3.0.4.tgz",
      "integrity": "sha512-/rWdxeiuZenlawrHU+XV6ZHMTKOqrC2hMfeDfLTIWJhDZP5aVqXRysduYHBbhD7CeJO6FJr/D2uBVXB7GT6v7w==",
      "dev": true
    },
    "node_modules/@types/three": {
      "version": "0.147.1",
      "resolved": "https://registry.npmjs.org/@types/three/-/three-0.147.1.tgz",
      "integrity": "sha512-1dGYrF9E7frAXu3CRUYtTFj97PlA/Q0OedDQBROn3fKjtKXNhXc6/VNgkGod3axJMeNPNFDa6ur9eOcQ+aD0zw==",
      "dev": true,
      "dependencies": {
        "@types/webxr": "*"
      }
    },
    "node_modules/@types/webxr": {
      "version": "0.5.0",
      "resolved": "https://registry.npmjs.org/@types/webxr/-/webxr-0.5.0.tgz",
      "integrity": "sha512-IUMDPSXnYIbEO2IereEFcgcqfDREOgmbGqtrMpVPpACTU6pltYLwHgVkrnYv0XhWEcjio9sYEfIEzgn3c7nDqA==",
      "dev": true
    },
    "node_modules/arx-convert": {
      "version": "5.15.0",
      "resolved": "https://registry.npmjs.org/arx-convert/-/arx-convert-5.15.0.tgz",
      "integrity": "sha512-zXbbD0Y0EcePb5axPC9tYQl/U/gNWVa7JYRu/eroLfqorAFQ5XVcgXxEaF9TJFfkToOeO+s17SdpULbVdcwkAg==",
      "dependencies": {
        "minimist-lite": "^2.2.1",
        "yaml": "^2.1.3"
      },
      "bin": {
        "arx-convert": "dist/bin/convert.js"
      },
      "engines": {
        "node": ">=18.0.0",
        "npm": ">=8.0.0"
      }
    },
    "node_modules/arx-header-size": {
      "version": "2.0.0",
      "resolved": "https://registry.npmjs.org/arx-header-size/-/arx-header-size-2.0.0.tgz",
      "integrity": "sha512-1cuNrTM9odlVaqGWiFPoIzKE2hRGwJvaBCXEkR8m35GjR2zq9ReC5mtT0yG3gH+PqRHETH3HKjsdbpTSF4138g==",
      "dev": true,
      "dependencies": {
        "minimist-lite": "^2.2.1"
      },
      "bin": {
        "arx-header-size": "bin/header-size.js"
      }
    },
    "node_modules/color-name": {
      "version": "1.1.4",
      "resolved": "https://registry.npmjs.org/color-name/-/color-name-1.1.4.tgz",
      "integrity": "sha512-dOy+3AuW3a2wNbZHIuMZpTcgjGuLU/uBL/ubcZF9OXbDo8ff4O8yVp5Bf0efS8uEoYo5q4Fx7dY9OgQGXgAsQA=="
    },
    "node_modules/color-parse": {
      "version": "1.4.2",
      "resolved": "https://registry.npmjs.org/color-parse/-/color-parse-1.4.2.tgz",
      "integrity": "sha512-RI7s49/8yqDj3fECFZjUI1Yi0z/Gq1py43oNJivAIIDSyJiOZLfYCRQEgn8HEVAj++PcRe8AnL2XF0fRJ3BTnA==",
      "dependencies": {
        "color-name": "^1.0.0"
      }
    },
    "node_modules/color-rgba": {
      "version": "2.4.0",
      "resolved": "https://registry.npmjs.org/color-rgba/-/color-rgba-2.4.0.tgz",
      "integrity": "sha512-Nti4qbzr/z2LbUWySr7H9dk3Rl7gZt7ihHAxlgT4Ho90EXWkjtkL1avTleu9yeGuqrt/chxTB6GKK8nZZ6V0+Q==",
      "dependencies": {
        "color-parse": "^1.4.2",
        "color-space": "^2.0.0"
      }
    },
    "node_modules/color-space": {
      "version": "2.0.0",
      "resolved": "https://registry.npmjs.org/color-space/-/color-space-2.0.0.tgz",
      "integrity": "sha512-Bu8P/usGNuVWushjxcuaGSkhT+L2KX0cvgMGMTF0KJ7lFeqonhsntT68d6Yu3uwZzCmbF7KTB9EV67AGcUXhJw=="
    },
    "node_modules/dotenv": {
      "version": "16.0.3",
      "resolved": "https://registry.npmjs.org/dotenv/-/dotenv-16.0.3.tgz",
      "integrity": "sha512-7GO6HghkA5fYG9TYnNxi14/7K9f5occMlp3zXAuSxn7CKCxt9xbNWG7yF8hTCSUchlfWSe3uLmlPfigevRItzQ==",
      "dev": true,
      "engines": {
        "node": ">=12"
      }
    },
    "node_modules/esbuild": {
      "version": "0.16.12",
      "resolved": "https://registry.npmjs.org/esbuild/-/esbuild-0.16.12.tgz",
      "integrity": "sha512-eq5KcuXajf2OmivCl4e89AD3j8fbV+UTE9vczEzq5haA07U9oOTzBWlh3+6ZdjJR7Rz2QfWZ2uxZyhZxBgJ4+g==",
      "dev": true,
      "hasInstallScript": true,
      "bin": {
        "esbuild": "bin/esbuild"
      },
      "engines": {
        "node": ">=12"
      },
      "optionalDependencies": {
        "@esbuild/android-arm": "0.16.12",
        "@esbuild/android-arm64": "0.16.12",
        "@esbuild/android-x64": "0.16.12",
        "@esbuild/darwin-arm64": "0.16.12",
        "@esbuild/darwin-x64": "0.16.12",
        "@esbuild/freebsd-arm64": "0.16.12",
        "@esbuild/freebsd-x64": "0.16.12",
        "@esbuild/linux-arm": "0.16.12",
        "@esbuild/linux-arm64": "0.16.12",
        "@esbuild/linux-ia32": "0.16.12",
        "@esbuild/linux-loong64": "0.16.12",
        "@esbuild/linux-mips64el": "0.16.12",
        "@esbuild/linux-ppc64": "0.16.12",
        "@esbuild/linux-riscv64": "0.16.12",
        "@esbuild/linux-s390x": "0.16.12",
        "@esbuild/linux-x64": "0.16.12",
        "@esbuild/netbsd-x64": "0.16.12",
        "@esbuild/openbsd-x64": "0.16.12",
        "@esbuild/sunos-x64": "0.16.12",
        "@esbuild/win32-arm64": "0.16.12",
        "@esbuild/win32-ia32": "0.16.12",
        "@esbuild/win32-x64": "0.16.12"
      }
    },
    "node_modules/globalyzer": {
      "version": "0.1.0",
      "resolved": "https://registry.npmjs.org/globalyzer/-/globalyzer-0.1.0.tgz",
      "integrity": "sha512-40oNTM9UfG6aBmuKxk/giHn5nQ8RVz/SS4Ir6zgzOv9/qC3kKZ9v4etGTcJbEl/NyVQH7FGU7d+X1egr57Md2Q=="
    },
    "node_modules/globrex": {
      "version": "0.1.2",
      "resolved": "https://registry.npmjs.org/globrex/-/globrex-0.1.2.tgz",
      "integrity": "sha512-uHJgbwAMwNFf5mLst7IWLNg14x1CkeqglJb/K3doi4dw6q2IvAAmM/Y81kevy83wP+Sst+nutFTYOGg3d1lsxg=="
    },
    "node_modules/json5": {
      "version": "2.2.2",
      "resolved": "https://registry.npmjs.org/json5/-/json5-2.2.2.tgz",
      "integrity": "sha512-46Tk9JiOL2z7ytNQWFLpj99RZkVgeHf87yGQKsIkaPz1qSH9UczKH1rO7K3wgRselo0tYMUNfecYpm/p1vC7tQ==",
      "dev": true,
      "bin": {
        "json5": "lib/cli.js"
      },
      "engines": {
        "node": ">=6"
      }
    },
    "node_modules/minimist": {
      "version": "1.2.7",
      "resolved": "https://registry.npmjs.org/minimist/-/minimist-1.2.7.tgz",
      "integrity": "sha512-bzfL1YUZsP41gmu/qjrEk0Q6i2ix/cVeAhbCbqH9u3zYutS1cLg00qhrD0M2MVdCcx4Sc0UpP2eBWo9rotpq6g==",
      "dev": true,
      "funding": {
        "url": "https://github.com/sponsors/ljharb"
      }
    },
    "node_modules/minimist-lite": {
      "version": "2.2.1",
      "resolved": "https://registry.npmjs.org/minimist-lite/-/minimist-lite-2.2.1.tgz",
      "integrity": "sha512-RSrWIRWGYoM2TDe102s7aIyeSipXMIXKb1fSHYx1tAbxAV0z4g2xR6ra3oPzkTqFb0EIUz1H3A/qvYYeDd+/qQ=="
    },
    "node_modules/nanoid": {
      "version": "4.0.0",
      "resolved": "https://registry.npmjs.org/nanoid/-/nanoid-4.0.0.tgz",
      "integrity": "sha512-IgBP8piMxe/gf73RTQx7hmnhwz0aaEXYakvqZyE302IXW3HyVNhdNGC+O2MwMAVhLEnvXlvKtGbtJf6wvHihCg==",
      "bin": {
        "nanoid": "bin/nanoid.js"
      },
      "engines": {
        "node": "^14 || ^16 || >=18"
      }
    },
    "node_modules/node-pkware": {
      "version": "3.0.4",
      "resolved": "https://registry.npmjs.org/node-pkware/-/node-pkware-3.0.4.tgz",
      "integrity": "sha512-LWO5C+wIfPbSUKvMx8LUOr0zS9/IZdEhczUixbwODewJ2iUfWXDey1uh5wiFaOJ3+gYA/raa74w7evn2MwALOA==",
      "dependencies": {
        "minimist-lite": "^2.2.1"
      },
      "bin": {
        "explode": "dist/bin/explode.js",
        "implode": "dist/bin/implode.js"
      },
      "engines": {
        "node": ">=18.0.0",
        "npm": ">=8.0.0"
      }
    },
    "node_modules/seedrandom": {
      "version": "3.0.5",
      "resolved": "https://registry.npmjs.org/seedrandom/-/seedrandom-3.0.5.tgz",
      "integrity": "sha512-8OwmbklUNzwezjGInmZ+2clQmExQPvomqjL7LFqOYqtmuxRgQYqOD3mHaU+MvZn5FLUeVxVfQjwLZW/n/JFuqg=="
    },
    "node_modules/strip-bom": {
      "version": "3.0.0",
      "resolved": "https://registry.npmjs.org/strip-bom/-/strip-bom-3.0.0.tgz",
      "integrity": "sha512-vavAMRXOgBVNF6nyEEmL3DBK19iRpDcoIwW+swQ+CbGiu7lju6t+JklA1MHweoWtadgt4ISVUsXLyDq34ddcwA==",
      "dev": true,
      "engines": {
        "node": ">=4"
      }
    },
    "node_modules/three": {
      "version": "0.148.0",
      "resolved": "https://registry.npmjs.org/three/-/three-0.148.0.tgz",
      "integrity": "sha512-8uzVV+qhTPi0bOFs/3te3RW6hb3urL8jYEl6irjCWo/l6sr8MPNMcClFev/MMYeIxr0gmDcoXTy/8LXh/LXkfw=="
    },
    "node_modules/tiny-glob": {
      "version": "0.2.9",
      "resolved": "https://registry.npmjs.org/tiny-glob/-/tiny-glob-0.2.9.tgz",
      "integrity": "sha512-g/55ssRPUjShh+xkfx9UPDXqhckHEsHr4Vd9zX55oSdGZc/MD0m3sferOkwWtp98bv+kcVfEHtRJgBVJzelrzg==",
      "dependencies": {
        "globalyzer": "0.1.0",
        "globrex": "^0.1.2"
      }
    },
    "node_modules/tsconfig-paths": {
      "version": "4.1.1",
      "resolved": "https://registry.npmjs.org/tsconfig-paths/-/tsconfig-paths-4.1.1.tgz",
      "integrity": "sha512-VgPrtLKpRgEAJsMj5Q/I/mXouC6A/7eJ/X4Nuk6o0cRPwBtznYxTCU4FodbexbzH9somBPEXYi0ZkUViUpJ21Q==",
      "dev": true,
      "dependencies": {
        "json5": "^2.2.1",
        "minimist": "^1.2.6",
        "strip-bom": "^3.0.0"
      },
      "engines": {
        "node": ">=6"
      }
    },
    "node_modules/typescript": {
      "version": "4.9.4",
      "resolved": "https://registry.npmjs.org/typescript/-/typescript-4.9.4.tgz",
      "integrity": "sha512-Uz+dTXYzxXXbsFpM86Wh3dKCxrQqUcVMxwU54orwlJjOpO3ao8L7j5lH+dWfTwgCwIuM9GQ2kvVotzYJMXTBZg==",
      "dev": true,
      "bin": {
        "tsc": "bin/tsc",
        "tsserver": "bin/tsserver"
      },
      "engines": {
        "node": ">=4.2.0"
      }
    },
    "node_modules/yaml": {
      "version": "2.1.3",
      "resolved": "https://registry.npmjs.org/yaml/-/yaml-2.1.3.tgz",
      "integrity": "sha512-AacA8nRULjKMX2DvWvOAdBZMOfQlypSFkjcOcu9FalllIDJ1kvlREzcdIZmidQUqqeMv7jorHjq2HlLv/+c2lg==",
      "engines": {
        "node": ">= 14"
      }
    }
  },
  "dependencies": {
    "@esbuild/android-arm": {
      "version": "0.16.12",
      "resolved": "https://registry.npmjs.org/@esbuild/android-arm/-/android-arm-0.16.12.tgz",
      "integrity": "sha512-CTWgMJtpCyCltrvipZrrcjjRu+rzm6pf9V8muCsJqtKujR3kPmU4ffbckvugNNaRmhxAF1ZI3J+0FUIFLFg8KA==",
      "dev": true,
      "optional": true
    },
    "@esbuild/android-arm64": {
      "version": "0.16.12",
      "resolved": "https://registry.npmjs.org/@esbuild/android-arm64/-/android-arm64-0.16.12.tgz",
      "integrity": "sha512-0LacmiIW+X0/LOLMZqYtZ7d4uY9fxYABAYhSSOu+OGQVBqH4N5eIYgkT7bBFnR4Nm3qo6qS3RpHKVrDASqj/uQ==",
      "dev": true,
      "optional": true
    },
    "@esbuild/android-x64": {
      "version": "0.16.12",
      "resolved": "https://registry.npmjs.org/@esbuild/android-x64/-/android-x64-0.16.12.tgz",
      "integrity": "sha512-sS5CR3XBKQXYpSGMM28VuiUnbX83Z+aWPZzClW+OB2JquKqxoiwdqucJ5qvXS8pM6Up3RtJfDnRQZkz3en2z5g==",
      "dev": true,
      "optional": true
    },
    "@esbuild/darwin-arm64": {
      "version": "0.16.12",
      "resolved": "https://registry.npmjs.org/@esbuild/darwin-arm64/-/darwin-arm64-0.16.12.tgz",
      "integrity": "sha512-Dpe5hOAQiQRH20YkFAg+wOpcd4PEuXud+aGgKBQa/VriPJA8zuVlgCOSTwna1CgYl05lf6o5els4dtuyk1qJxQ==",
      "dev": true,
      "optional": true
    },
    "@esbuild/darwin-x64": {
      "version": "0.16.12",
      "resolved": "https://registry.npmjs.org/@esbuild/darwin-x64/-/darwin-x64-0.16.12.tgz",
      "integrity": "sha512-ApGRA6X5txIcxV0095X4e4KKv87HAEXfuDRcGTniDWUUN+qPia8sl/BqG/0IomytQWajnUn4C7TOwHduk/FXBQ==",
      "dev": true,
      "optional": true
    },
    "@esbuild/freebsd-arm64": {
      "version": "0.16.12",
      "resolved": "https://registry.npmjs.org/@esbuild/freebsd-arm64/-/freebsd-arm64-0.16.12.tgz",
      "integrity": "sha512-AMdK2gA9EU83ccXCWS1B/KcWYZCj4P3vDofZZkl/F/sBv/fphi2oUqUTox/g5GMcIxk8CF1CVYTC82+iBSyiUg==",
      "dev": true,
      "optional": true
    },
    "@esbuild/freebsd-x64": {
      "version": "0.16.12",
      "resolved": "https://registry.npmjs.org/@esbuild/freebsd-x64/-/freebsd-x64-0.16.12.tgz",
      "integrity": "sha512-KUKB9w8G/xaAbD39t6gnRBuhQ8vIYYlxGT2I+mT6UGRnCGRr1+ePFIGBQmf5V16nxylgUuuWVW1zU2ktKkf6WQ==",
      "dev": true,
      "optional": true
    },
    "@esbuild/linux-arm": {
      "version": "0.16.12",
      "resolved": "https://registry.npmjs.org/@esbuild/linux-arm/-/linux-arm-0.16.12.tgz",
      "integrity": "sha512-vhDdIv6z4eL0FJyNVfdr3C/vdd/Wc6h1683GJsFoJzfKb92dU/v88FhWdigg0i6+3TsbSDeWbsPUXb4dif2abg==",
      "dev": true,
      "optional": true
    },
    "@esbuild/linux-arm64": {
      "version": "0.16.12",
      "resolved": "https://registry.npmjs.org/@esbuild/linux-arm64/-/linux-arm64-0.16.12.tgz",
      "integrity": "sha512-29HXMLpLklDfmw7T2buGqq3HImSUaZ1ArmrPOMaNiZZQptOSZs32SQtOHEl8xWX5vfdwZqrBfNf8Te4nArVzKQ==",
      "dev": true,
      "optional": true
    },
    "@esbuild/linux-ia32": {
      "version": "0.16.12",
      "resolved": "https://registry.npmjs.org/@esbuild/linux-ia32/-/linux-ia32-0.16.12.tgz",
      "integrity": "sha512-JFDuNDTTfgD1LJg7wHA42o2uAO/9VzHYK0leAVnCQE/FdMB599YMH73ux+nS0xGr79pv/BK+hrmdRin3iLgQjg==",
      "dev": true,
      "optional": true
    },
    "@esbuild/linux-loong64": {
      "version": "0.16.12",
      "resolved": "https://registry.npmjs.org/@esbuild/linux-loong64/-/linux-loong64-0.16.12.tgz",
      "integrity": "sha512-xTGzVPqm6WKfCC0iuj1fryIWr1NWEM8DMhAIo+4rFgUtwy/lfHl+Obvus4oddzRDbBetLLmojfVZGmt/g/g+Rw==",
      "dev": true,
      "optional": true
    },
    "@esbuild/linux-mips64el": {
      "version": "0.16.12",
      "resolved": "https://registry.npmjs.org/@esbuild/linux-mips64el/-/linux-mips64el-0.16.12.tgz",
      "integrity": "sha512-zI1cNgHa3Gol+vPYjIYHzKhU6qMyOQrvZ82REr5Fv7rlh5PG6SkkuCoH7IryPqR+BK2c/7oISGsvPJPGnO2bHQ==",
      "dev": true,
      "optional": true
    },
    "@esbuild/linux-ppc64": {
      "version": "0.16.12",
      "resolved": "https://registry.npmjs.org/@esbuild/linux-ppc64/-/linux-ppc64-0.16.12.tgz",
      "integrity": "sha512-/C8OFXExoMmvTDIOAM54AhtmmuDHKoedUd0Otpfw3+AuuVGemA1nQK99oN909uZbLEU6Bi+7JheFMG3xGfZluQ==",
      "dev": true,
      "optional": true
    },
    "@esbuild/linux-riscv64": {
      "version": "0.16.12",
      "resolved": "https://registry.npmjs.org/@esbuild/linux-riscv64/-/linux-riscv64-0.16.12.tgz",
      "integrity": "sha512-qeouyyc8kAGV6Ni6Isz8hUsKMr00EHgVwUKWNp1r4l88fHEoNTDB8mmestvykW6MrstoGI7g2EAsgr0nxmuGYg==",
      "dev": true,
      "optional": true
    },
    "@esbuild/linux-s390x": {
      "version": "0.16.12",
      "resolved": "https://registry.npmjs.org/@esbuild/linux-s390x/-/linux-s390x-0.16.12.tgz",
      "integrity": "sha512-s9AyI/5vz1U4NNqnacEGFElqwnHusWa81pskAf8JNDM2eb6b2E6PpBmT8RzeZv6/TxE6/TADn2g9bb0jOUmXwQ==",
      "dev": true,
      "optional": true
    },
    "@esbuild/linux-x64": {
      "version": "0.16.12",
      "resolved": "https://registry.npmjs.org/@esbuild/linux-x64/-/linux-x64-0.16.12.tgz",
      "integrity": "sha512-e8YA7GQGLWhvakBecLptUiKxOk4E/EPtSckS1i0MGYctW8ouvNUoh7xnU15PGO2jz7BYl8q1R6g0gE5HFtzpqQ==",
      "dev": true,
      "optional": true
    },
    "@esbuild/netbsd-x64": {
      "version": "0.16.12",
      "resolved": "https://registry.npmjs.org/@esbuild/netbsd-x64/-/netbsd-x64-0.16.12.tgz",
      "integrity": "sha512-z2+kUxmOqBS+6SRVd57iOLIHE8oGOoEnGVAmwjm2aENSP35HPS+5cK+FL1l+rhrsJOFIPrNHqDUNechpuG96Sg==",
      "dev": true,
      "optional": true
    },
    "@esbuild/openbsd-x64": {
      "version": "0.16.12",
      "resolved": "https://registry.npmjs.org/@esbuild/openbsd-x64/-/openbsd-x64-0.16.12.tgz",
      "integrity": "sha512-PAonw4LqIybwn2/vJujhbg1N9W2W8lw9RtXIvvZoyzoA/4rA4CpiuahVbASmQohiytRsixbNoIOUSjRygKXpyA==",
      "dev": true,
      "optional": true
    },
    "@esbuild/sunos-x64": {
      "version": "0.16.12",
      "resolved": "https://registry.npmjs.org/@esbuild/sunos-x64/-/sunos-x64-0.16.12.tgz",
      "integrity": "sha512-+wr1tkt1RERi+Zi/iQtkzmMH4nS8+7UIRxjcyRz7lur84wCkAITT50Olq/HiT4JN2X2bjtlOV6vt7ptW5Gw60Q==",
      "dev": true,
      "optional": true
    },
    "@esbuild/win32-arm64": {
      "version": "0.16.12",
      "resolved": "https://registry.npmjs.org/@esbuild/win32-arm64/-/win32-arm64-0.16.12.tgz",
      "integrity": "sha512-XEjeUSHmjsAOJk8+pXJu9pFY2O5KKQbHXZWQylJzQuIBeiGrpMeq9sTVrHefHxMOyxUgoKQTcaTS+VK/K5SviA==",
      "dev": true,
      "optional": true
    },
    "@esbuild/win32-ia32": {
      "version": "0.16.12",
      "resolved": "https://registry.npmjs.org/@esbuild/win32-ia32/-/win32-ia32-0.16.12.tgz",
      "integrity": "sha512-eRKPM7e0IecUAUYr2alW7JGDejrFJXmpjt4MlfonmQ5Rz9HWpKFGCjuuIRgKO7W9C/CWVFXdJ2GjddsBXqQI4A==",
      "dev": true,
      "optional": true
    },
    "@esbuild/win32-x64": {
      "version": "0.16.12",
      "resolved": "https://registry.npmjs.org/@esbuild/win32-x64/-/win32-x64-0.16.12.tgz",
      "integrity": "sha512-iPYKN78t3op2+erv2frW568j1q0RpqX6JOLZ7oPPaAV1VaF7dDstOrNw37PVOYoTWE11pV4A1XUitpdEFNIsPg==",
      "dev": true,
      "optional": true
    },
    "@types/color-rgba": {
      "version": "2.1.0",
      "resolved": "https://registry.npmjs.org/@types/color-rgba/-/color-rgba-2.1.0.tgz",
      "integrity": "sha512-tWcJLEiKdZ3ihJdThfLCe6Kw5vo0lgGcuucGkbtzcp1zifDA1E2Z96wxeSS/r+ytpHD15NCAWabX8GV911ywCA==",
      "dev": true
    },
    "@types/node": {
      "version": "18.11.18",
      "resolved": "https://registry.npmjs.org/@types/node/-/node-18.11.18.tgz",
      "integrity": "sha512-DHQpWGjyQKSHj3ebjFI/wRKcqQcdR+MoFBygntYOZytCqNfkd2ZC4ARDJ2DQqhjH5p85Nnd3jhUJIXrszFX/JA==",
      "dev": true
    },
    "@types/seedrandom": {
      "version": "3.0.4",
      "resolved": "https://registry.npmjs.org/@types/seedrandom/-/seedrandom-3.0.4.tgz",
      "integrity": "sha512-/rWdxeiuZenlawrHU+XV6ZHMTKOqrC2hMfeDfLTIWJhDZP5aVqXRysduYHBbhD7CeJO6FJr/D2uBVXB7GT6v7w==",
      "dev": true
    },
    "@types/three": {
      "version": "0.147.1",
      "resolved": "https://registry.npmjs.org/@types/three/-/three-0.147.1.tgz",
      "integrity": "sha512-1dGYrF9E7frAXu3CRUYtTFj97PlA/Q0OedDQBROn3fKjtKXNhXc6/VNgkGod3axJMeNPNFDa6ur9eOcQ+aD0zw==",
      "dev": true,
      "requires": {
        "@types/webxr": "*"
      }
    },
    "@types/webxr": {
      "version": "0.5.0",
      "resolved": "https://registry.npmjs.org/@types/webxr/-/webxr-0.5.0.tgz",
      "integrity": "sha512-IUMDPSXnYIbEO2IereEFcgcqfDREOgmbGqtrMpVPpACTU6pltYLwHgVkrnYv0XhWEcjio9sYEfIEzgn3c7nDqA==",
      "dev": true
    },
    "arx-convert": {
      "version": "5.15.0",
      "resolved": "https://registry.npmjs.org/arx-convert/-/arx-convert-5.15.0.tgz",
      "integrity": "sha512-zXbbD0Y0EcePb5axPC9tYQl/U/gNWVa7JYRu/eroLfqorAFQ5XVcgXxEaF9TJFfkToOeO+s17SdpULbVdcwkAg==",
      "requires": {
        "minimist-lite": "^2.2.1",
        "yaml": "^2.1.3"
      }
    },
    "arx-header-size": {
      "version": "2.0.0",
      "resolved": "https://registry.npmjs.org/arx-header-size/-/arx-header-size-2.0.0.tgz",
      "integrity": "sha512-1cuNrTM9odlVaqGWiFPoIzKE2hRGwJvaBCXEkR8m35GjR2zq9ReC5mtT0yG3gH+PqRHETH3HKjsdbpTSF4138g==",
      "dev": true,
      "requires": {
        "minimist-lite": "^2.2.1"
      }
    },
    "color-name": {
      "version": "1.1.4",
      "resolved": "https://registry.npmjs.org/color-name/-/color-name-1.1.4.tgz",
      "integrity": "sha512-dOy+3AuW3a2wNbZHIuMZpTcgjGuLU/uBL/ubcZF9OXbDo8ff4O8yVp5Bf0efS8uEoYo5q4Fx7dY9OgQGXgAsQA=="
    },
    "color-parse": {
      "version": "1.4.2",
      "resolved": "https://registry.npmjs.org/color-parse/-/color-parse-1.4.2.tgz",
      "integrity": "sha512-RI7s49/8yqDj3fECFZjUI1Yi0z/Gq1py43oNJivAIIDSyJiOZLfYCRQEgn8HEVAj++PcRe8AnL2XF0fRJ3BTnA==",
      "requires": {
        "color-name": "^1.0.0"
      }
    },
    "color-rgba": {
      "version": "2.4.0",
      "resolved": "https://registry.npmjs.org/color-rgba/-/color-rgba-2.4.0.tgz",
      "integrity": "sha512-Nti4qbzr/z2LbUWySr7H9dk3Rl7gZt7ihHAxlgT4Ho90EXWkjtkL1avTleu9yeGuqrt/chxTB6GKK8nZZ6V0+Q==",
      "requires": {
        "color-parse": "^1.4.2",
        "color-space": "^2.0.0"
      }
    },
    "color-space": {
      "version": "2.0.0",
      "resolved": "https://registry.npmjs.org/color-space/-/color-space-2.0.0.tgz",
      "integrity": "sha512-Bu8P/usGNuVWushjxcuaGSkhT+L2KX0cvgMGMTF0KJ7lFeqonhsntT68d6Yu3uwZzCmbF7KTB9EV67AGcUXhJw=="
    },
    "dotenv": {
      "version": "16.0.3",
      "resolved": "https://registry.npmjs.org/dotenv/-/dotenv-16.0.3.tgz",
      "integrity": "sha512-7GO6HghkA5fYG9TYnNxi14/7K9f5occMlp3zXAuSxn7CKCxt9xbNWG7yF8hTCSUchlfWSe3uLmlPfigevRItzQ==",
      "dev": true
    },
    "esbuild": {
      "version": "0.16.12",
      "resolved": "https://registry.npmjs.org/esbuild/-/esbuild-0.16.12.tgz",
      "integrity": "sha512-eq5KcuXajf2OmivCl4e89AD3j8fbV+UTE9vczEzq5haA07U9oOTzBWlh3+6ZdjJR7Rz2QfWZ2uxZyhZxBgJ4+g==",
      "dev": true,
      "requires": {
        "@esbuild/android-arm": "0.16.12",
        "@esbuild/android-arm64": "0.16.12",
        "@esbuild/android-x64": "0.16.12",
        "@esbuild/darwin-arm64": "0.16.12",
        "@esbuild/darwin-x64": "0.16.12",
        "@esbuild/freebsd-arm64": "0.16.12",
        "@esbuild/freebsd-x64": "0.16.12",
        "@esbuild/linux-arm": "0.16.12",
        "@esbuild/linux-arm64": "0.16.12",
        "@esbuild/linux-ia32": "0.16.12",
        "@esbuild/linux-loong64": "0.16.12",
        "@esbuild/linux-mips64el": "0.16.12",
        "@esbuild/linux-ppc64": "0.16.12",
        "@esbuild/linux-riscv64": "0.16.12",
        "@esbuild/linux-s390x": "0.16.12",
        "@esbuild/linux-x64": "0.16.12",
        "@esbuild/netbsd-x64": "0.16.12",
        "@esbuild/openbsd-x64": "0.16.12",
        "@esbuild/sunos-x64": "0.16.12",
        "@esbuild/win32-arm64": "0.16.12",
        "@esbuild/win32-ia32": "0.16.12",
        "@esbuild/win32-x64": "0.16.12"
      }
    },
    "globalyzer": {
      "version": "0.1.0",
      "resolved": "https://registry.npmjs.org/globalyzer/-/globalyzer-0.1.0.tgz",
      "integrity": "sha512-40oNTM9UfG6aBmuKxk/giHn5nQ8RVz/SS4Ir6zgzOv9/qC3kKZ9v4etGTcJbEl/NyVQH7FGU7d+X1egr57Md2Q=="
    },
    "globrex": {
      "version": "0.1.2",
      "resolved": "https://registry.npmjs.org/globrex/-/globrex-0.1.2.tgz",
      "integrity": "sha512-uHJgbwAMwNFf5mLst7IWLNg14x1CkeqglJb/K3doi4dw6q2IvAAmM/Y81kevy83wP+Sst+nutFTYOGg3d1lsxg=="
    },
    "json5": {
      "version": "2.2.2",
      "resolved": "https://registry.npmjs.org/json5/-/json5-2.2.2.tgz",
      "integrity": "sha512-46Tk9JiOL2z7ytNQWFLpj99RZkVgeHf87yGQKsIkaPz1qSH9UczKH1rO7K3wgRselo0tYMUNfecYpm/p1vC7tQ==",
      "dev": true
    },
    "minimist": {
      "version": "1.2.7",
      "resolved": "https://registry.npmjs.org/minimist/-/minimist-1.2.7.tgz",
      "integrity": "sha512-bzfL1YUZsP41gmu/qjrEk0Q6i2ix/cVeAhbCbqH9u3zYutS1cLg00qhrD0M2MVdCcx4Sc0UpP2eBWo9rotpq6g==",
      "dev": true
    },
    "minimist-lite": {
      "version": "2.2.1",
      "resolved": "https://registry.npmjs.org/minimist-lite/-/minimist-lite-2.2.1.tgz",
      "integrity": "sha512-RSrWIRWGYoM2TDe102s7aIyeSipXMIXKb1fSHYx1tAbxAV0z4g2xR6ra3oPzkTqFb0EIUz1H3A/qvYYeDd+/qQ=="
    },
    "nanoid": {
      "version": "4.0.0",
      "resolved": "https://registry.npmjs.org/nanoid/-/nanoid-4.0.0.tgz",
      "integrity": "sha512-IgBP8piMxe/gf73RTQx7hmnhwz0aaEXYakvqZyE302IXW3HyVNhdNGC+O2MwMAVhLEnvXlvKtGbtJf6wvHihCg=="
    },
    "node-pkware": {
      "version": "3.0.4",
      "resolved": "https://registry.npmjs.org/node-pkware/-/node-pkware-3.0.4.tgz",
      "integrity": "sha512-LWO5C+wIfPbSUKvMx8LUOr0zS9/IZdEhczUixbwODewJ2iUfWXDey1uh5wiFaOJ3+gYA/raa74w7evn2MwALOA==",
      "requires": {
        "minimist-lite": "^2.2.1"
      }
    },
    "seedrandom": {
      "version": "3.0.5",
      "resolved": "https://registry.npmjs.org/seedrandom/-/seedrandom-3.0.5.tgz",
      "integrity": "sha512-8OwmbklUNzwezjGInmZ+2clQmExQPvomqjL7LFqOYqtmuxRgQYqOD3mHaU+MvZn5FLUeVxVfQjwLZW/n/JFuqg=="
    },
    "strip-bom": {
      "version": "3.0.0",
      "resolved": "https://registry.npmjs.org/strip-bom/-/strip-bom-3.0.0.tgz",
      "integrity": "sha512-vavAMRXOgBVNF6nyEEmL3DBK19iRpDcoIwW+swQ+CbGiu7lju6t+JklA1MHweoWtadgt4ISVUsXLyDq34ddcwA==",
      "dev": true
    },
    "three": {
      "version": "0.148.0",
      "resolved": "https://registry.npmjs.org/three/-/three-0.148.0.tgz",
      "integrity": "sha512-8uzVV+qhTPi0bOFs/3te3RW6hb3urL8jYEl6irjCWo/l6sr8MPNMcClFev/MMYeIxr0gmDcoXTy/8LXh/LXkfw=="
    },
    "tiny-glob": {
      "version": "0.2.9",
      "resolved": "https://registry.npmjs.org/tiny-glob/-/tiny-glob-0.2.9.tgz",
      "integrity": "sha512-g/55ssRPUjShh+xkfx9UPDXqhckHEsHr4Vd9zX55oSdGZc/MD0m3sferOkwWtp98bv+kcVfEHtRJgBVJzelrzg==",
      "requires": {
        "globalyzer": "0.1.0",
        "globrex": "^0.1.2"
      }
    },
    "tsconfig-paths": {
      "version": "4.1.1",
      "resolved": "https://registry.npmjs.org/tsconfig-paths/-/tsconfig-paths-4.1.1.tgz",
      "integrity": "sha512-VgPrtLKpRgEAJsMj5Q/I/mXouC6A/7eJ/X4Nuk6o0cRPwBtznYxTCU4FodbexbzH9somBPEXYi0ZkUViUpJ21Q==",
      "dev": true,
      "requires": {
        "json5": "^2.2.1",
        "minimist": "^1.2.6",
        "strip-bom": "^3.0.0"
      }
    },
    "typescript": {
      "version": "4.9.4",
      "resolved": "https://registry.npmjs.org/typescript/-/typescript-4.9.4.tgz",
      "integrity": "sha512-Uz+dTXYzxXXbsFpM86Wh3dKCxrQqUcVMxwU54orwlJjOpO3ao8L7j5lH+dWfTwgCwIuM9GQ2kvVotzYJMXTBZg==",
      "dev": true
    },
    "yaml": {
      "version": "2.1.3",
      "resolved": "https://registry.npmjs.org/yaml/-/yaml-2.1.3.tgz",
      "integrity": "sha512-AacA8nRULjKMX2DvWvOAdBZMOfQlypSFkjcOcu9FalllIDJ1kvlREzcdIZmidQUqqeMv7jorHjq2HlLv/+c2lg=="
    }
  }
}
